// !$*UTF8*$!
{
	archiveVersion = 1;
	classes = {
	};
	objectVersion = 56;
	objects = {

/* Begin PBXBuildFile section */
		61B9C7372C85E48F008CD847 /* AppDelegate.swift in Sources */ = {isa = PBXBuildFile; fileRef = 61B9C7362C85E48F008CD847 /* AppDelegate.swift */; };
		61B9C7392C85E48F008CD847 /* SceneDelegate.swift in Sources */ = {isa = PBXBuildFile; fileRef = 61B9C7382C85E48F008CD847 /* SceneDelegate.swift */; };
		61B9C73B2C85E48F008CD847 /* ViewController.swift in Sources */ = {isa = PBXBuildFile; fileRef = 61B9C73A2C85E48F008CD847 /* ViewController.swift */; };
		61B9C73E2C85E48F008CD847 /* Base in Resources */ = {isa = PBXBuildFile; fileRef = 61B9C73D2C85E48F008CD847 /* Base */; };
		61B9C7402C85E491008CD847 /* Assets.xcassets in Resources */ = {isa = PBXBuildFile; fileRef = 61B9C73F2C85E491008CD847 /* Assets.xcassets */; };
		61B9C7432C85E491008CD847 /* Base in Resources */ = {isa = PBXBuildFile; fileRef = 61B9C7422C85E491008CD847 /* Base */; };
		61B9C74F2C85E643008CD847 /* app.json in Resources */ = {isa = PBXBuildFile; fileRef = 61B9C74E2C85E643008CD847 /* app.json */; };
		61B9C7602C85E90D008CD847 /* UserCollectionViewCell.xib in Resources */ = {isa = PBXBuildFile; fileRef = 61B9C75F2C85E90D008CD847 /* UserCollectionViewCell.xib */; };
		61B9C7612C85E90D008CD847 /* UserCollectionViewCell.swift in Sources */ = {isa = PBXBuildFile; fileRef = 61B9C75E2C85E90D008CD847 /* UserCollectionViewCell.swift */; };
		61B9C7642C85EC51008CD847 /* StoryModel.swift in Sources */ = {isa = PBXBuildFile; fileRef = 61B9C7632C85EC51008CD847 /* StoryModel.swift */; };
		61B9C7662C85F708008CD847 /* StoryViewModel.swift in Sources */ = {isa = PBXBuildFile; fileRef = 61B9C7652C85F708008CD847 /* StoryViewModel.swift */; };
		61B9C76D2C860691008CD847 /* StoryItemCollectionViewCell.xib in Resources */ = {isa = PBXBuildFile; fileRef = 61B9C76C2C860691008CD847 /* StoryItemCollectionViewCell.xib */; };
		61B9C76E2C860691008CD847 /* StoryItemCollectionViewCell.swift in Sources */ = {isa = PBXBuildFile; fileRef = 61B9C76B2C860691008CD847 /* StoryItemCollectionViewCell.swift */; };
		61B9C7712C8606D0008CD847 /* StoryDetailVC.xib in Resources */ = {isa = PBXBuildFile; fileRef = 61B9C7702C8606D0008CD847 /* StoryDetailVC.xib */; };
		61B9C7722C8606D0008CD847 /* StoryDetailVC.swift in Sources */ = {isa = PBXBuildFile; fileRef = 61B9C76F2C8606D0008CD847 /* StoryDetailVC.swift */; };
		61B9C7752C8607C7008CD847 /* StoryItemDetailCollectionViewCell.xib in Resources */ = {isa = PBXBuildFile; fileRef = 61B9C7742C8607C7008CD847 /* StoryItemDetailCollectionViewCell.xib */; };
		61B9C7762C8607C7008CD847 /* StoryItemDetailCollectionViewCell.swift in Sources */ = {isa = PBXBuildFile; fileRef = 61B9C7732C8607C7008CD847 /* StoryItemDetailCollectionViewCell.swift */; };
		61B9C7792C860826008CD847 /* VideoPlayerView.swift in Sources */ = {isa = PBXBuildFile; fileRef = 61B9C7772C860826008CD847 /* VideoPlayerView.swift */; };
		61B9C77A2C860826008CD847 /* StoryProgressView.swift in Sources */ = {isa = PBXBuildFile; fileRef = 61B9C7782C860826008CD847 /* StoryProgressView.swift */; };
/* End PBXBuildFile section */

/* Begin PBXFileReference section */
		61B9C7332C85E48F008CD847 /* Pixora.app */ = {isa = PBXFileReference; explicitFileType = wrapper.application; includeInIndex = 0; path = Pixora.app; sourceTree = BUILT_PRODUCTS_DIR; };
		61B9C7362C85E48F008CD847 /* AppDelegate.swift */ = {isa = PBXFileReference; lastKnownFileType = sourcecode.swift; path = AppDelegate.swift; sourceTree = "<group>"; };
		61B9C7382C85E48F008CD847 /* SceneDelegate.swift */ = {isa = PBXFileReference; lastKnownFileType = sourcecode.swift; path = SceneDelegate.swift; sourceTree = "<group>"; };
		61B9C73A2C85E48F008CD847 /* ViewController.swift */ = {isa = PBXFileReference; lastKnownFileType = sourcecode.swift; path = ViewController.swift; sourceTree = "<group>"; };
		61B9C73D2C85E48F008CD847 /* Base */ = {isa = PBXFileReference; lastKnownFileType = file.storyboard; name = Base; path = Base.lproj/Main.storyboard; sourceTree = "<group>"; };
		61B9C73F2C85E491008CD847 /* Assets.xcassets */ = {isa = PBXFileReference; lastKnownFileType = folder.assetcatalog; path = Assets.xcassets; sourceTree = "<group>"; };
		61B9C7422C85E491008CD847 /* Base */ = {isa = PBXFileReference; lastKnownFileType = file.storyboard; name = Base; path = Base.lproj/LaunchScreen.storyboard; sourceTree = "<group>"; };
		61B9C7442C85E491008CD847 /* Info.plist */ = {isa = PBXFileReference; lastKnownFileType = text.plist.xml; path = Info.plist; sourceTree = "<group>"; };
		61B9C74E2C85E643008CD847 /* app.json */ = {isa = PBXFileReference; fileEncoding = 4; lastKnownFileType = text.json; path = app.json; sourceTree = "<group>"; };
		61B9C75E2C85E90D008CD847 /* UserCollectionViewCell.swift */ = {isa = PBXFileReference; lastKnownFileType = sourcecode.swift; path = UserCollectionViewCell.swift; sourceTree = "<group>"; };
		61B9C75F2C85E90D008CD847 /* UserCollectionViewCell.xib */ = {isa = PBXFileReference; lastKnownFileType = file.xib; path = UserCollectionViewCell.xib; sourceTree = "<group>"; };
		61B9C7632C85EC51008CD847 /* StoryModel.swift */ = {isa = PBXFileReference; lastKnownFileType = sourcecode.swift; path = StoryModel.swift; sourceTree = "<group>"; };
		61B9C7652C85F708008CD847 /* StoryViewModel.swift */ = {isa = PBXFileReference; lastKnownFileType = sourcecode.swift; path = StoryViewModel.swift; sourceTree = "<group>"; };
		61B9C76B2C860691008CD847 /* StoryItemCollectionViewCell.swift */ = {isa = PBXFileReference; lastKnownFileType = sourcecode.swift; path = StoryItemCollectionViewCell.swift; sourceTree = "<group>"; };
		61B9C76C2C860691008CD847 /* StoryItemCollectionViewCell.xib */ = {isa = PBXFileReference; lastKnownFileType = file.xib; path = StoryItemCollectionViewCell.xib; sourceTree = "<group>"; };
		61B9C76F2C8606D0008CD847 /* StoryDetailVC.swift */ = {isa = PBXFileReference; lastKnownFileType = sourcecode.swift; path = StoryDetailVC.swift; sourceTree = "<group>"; };
		61B9C7702C8606D0008CD847 /* StoryDetailVC.xib */ = {isa = PBXFileReference; lastKnownFileType = file.xib; path = StoryDetailVC.xib; sourceTree = "<group>"; };
		61B9C7732C8607C7008CD847 /* StoryItemDetailCollectionViewCell.swift */ = {isa = PBXFileReference; lastKnownFileType = sourcecode.swift; path = StoryItemDetailCollectionViewCell.swift; sourceTree = "<group>"; };
		61B9C7742C8607C7008CD847 /* StoryItemDetailCollectionViewCell.xib */ = {isa = PBXFileReference; lastKnownFileType = file.xib; path = StoryItemDetailCollectionViewCell.xib; sourceTree = "<group>"; };
		61B9C7772C860826008CD847 /* VideoPlayerView.swift */ = {isa = PBXFileReference; fileEncoding = 4; lastKnownFileType = sourcecode.swift; path = VideoPlayerView.swift; sourceTree = "<group>"; };
		61B9C7782C860826008CD847 /* StoryProgressView.swift */ = {isa = PBXFileReference; fileEncoding = 4; lastKnownFileType = sourcecode.swift; path = StoryProgressView.swift; sourceTree = "<group>"; };
/* End PBXFileReference section */

/* Begin PBXFrameworksBuildPhase section */
		61B9C7302C85E48F008CD847 /* Frameworks */ = {
			isa = PBXFrameworksBuildPhase;
			buildActionMask = 2147483647;
			files = (
			);
			runOnlyForDeploymentPostprocessing = 0;
		};
/* End PBXFrameworksBuildPhase section */

/* Begin PBXGroup section */
		61B9C72A2C85E48F008CD847 = {
			isa = PBXGroup;
			children = (
				61B9C7352C85E48F008CD847 /* Pixora */,
				61B9C7342C85E48F008CD847 /* Products */,
			);
			sourceTree = "<group>";
		};
		61B9C7342C85E48F008CD847 /* Products */ = {
			isa = PBXGroup;
			children = (
				61B9C7332C85E48F008CD847 /* Pixora.app */,
			);
			name = Products;
			sourceTree = "<group>";
		};
		61B9C7352C85E48F008CD847 /* Pixora */ = {
			isa = PBXGroup;
			children = (
				61B9C74D2C85E621008CD847 /* JSON */,
				61B9C74C2C85E613008CD847 /* ViewModel */,
				61B9C74B2C85E606008CD847 /* View */,
				61B9C74A2C85E5F9008CD847 /* Model */,
				61B9C7362C85E48F008CD847 /* AppDelegate.swift */,
				61B9C7382C85E48F008CD847 /* SceneDelegate.swift */,
				61B9C73A2C85E48F008CD847 /* ViewController.swift */,
				61B9C73C2C85E48F008CD847 /* Main.storyboard */,
				61B9C73F2C85E491008CD847 /* Assets.xcassets */,
				61B9C7412C85E491008CD847 /* LaunchScreen.storyboard */,
				61B9C7442C85E491008CD847 /* Info.plist */,
			);
			path = Pixora;
			sourceTree = "<group>";
		};
		61B9C74A2C85E5F9008CD847 /* Model */ = {
			isa = PBXGroup;
			children = (
				61B9C7632C85EC51008CD847 /* StoryModel.swift */,
			);
			path = Model;
			sourceTree = "<group>";
		};
		61B9C74B2C85E606008CD847 /* View */ = {
			isa = PBXGroup;
			children = (
				61B9C7592C85E7AF008CD847 /* StoryDetail */,
				61B9C7582C85E78F008CD847 /* UserCell */,
			);
			path = View;
			sourceTree = "<group>";
		};
		61B9C74C2C85E613008CD847 /* ViewModel */ = {
			isa = PBXGroup;
			children = (
				61B9C7652C85F708008CD847 /* StoryViewModel.swift */,
			);
			path = ViewModel;
			sourceTree = "<group>";
		};
		61B9C74D2C85E621008CD847 /* JSON */ = {
			isa = PBXGroup;
			children = (
				61B9C74E2C85E643008CD847 /* app.json */,
			);
			path = JSON;
			sourceTree = "<group>";
		};
		61B9C7582C85E78F008CD847 /* UserCell */ = {
			isa = PBXGroup;
			children = (
				61B9C75E2C85E90D008CD847 /* UserCollectionViewCell.swift */,
				61B9C75F2C85E90D008CD847 /* UserCollectionViewCell.xib */,
			);
			path = UserCell;
			sourceTree = "<group>";
		};
		61B9C7592C85E7AF008CD847 /* StoryDetail */ = {
			isa = PBXGroup;
			children = (
				61B9C76F2C8606D0008CD847 /* StoryDetailVC.swift */,
				61B9C7702C8606D0008CD847 /* StoryDetailVC.xib */,
				61B9C77B2C860A90008CD847 /* StoryItem */,
				61B9C7782C860826008CD847 /* StoryProgressView.swift */,
				61B9C7772C860826008CD847 /* VideoPlayerView.swift */,
			);
			path = StoryDetail;
			sourceTree = "<group>";
		};
		61B9C77B2C860A90008CD847 /* StoryItem */ = {
			isa = PBXGroup;
			children = (
				61B9C76B2C860691008CD847 /* StoryItemCollectionViewCell.swift */,
				61B9C76C2C860691008CD847 /* StoryItemCollectionViewCell.xib */,
				61B9C77C2C860A9B008CD847 /* StoryItemDetail */,
			);
			path = StoryItem;
			sourceTree = "<group>";
		};
		61B9C77C2C860A9B008CD847 /* StoryItemDetail */ = {
			isa = PBXGroup;
			children = (
				61B9C7732C8607C7008CD847 /* StoryItemDetailCollectionViewCell.swift */,
				61B9C7742C8607C7008CD847 /* StoryItemDetailCollectionViewCell.xib */,
			);
			path = StoryItemDetail;
			sourceTree = "<group>";
		};
/* End PBXGroup section */

/* Begin PBXNativeTarget section */
		61B9C7322C85E48F008CD847 /* Pixora */ = {
			isa = PBXNativeTarget;
			buildConfigurationList = 61B9C7472C85E491008CD847 /* Build configuration list for PBXNativeTarget "Pixora" */;
			buildPhases = (
				61B9C72F2C85E48F008CD847 /* Sources */,
				61B9C7302C85E48F008CD847 /* Frameworks */,
				61B9C7312C85E48F008CD847 /* Resources */,
			);
			buildRules = (
			);
			dependencies = (
			);
			name = Pixora;
			productName = Pixora;
			productReference = 61B9C7332C85E48F008CD847 /* Pixora.app */;
			productType = "com.apple.product-type.application";
		};
/* End PBXNativeTarget section */

/* Begin PBXProject section */
		61B9C72B2C85E48F008CD847 /* Project object */ = {
			isa = PBXProject;
			attributes = {
				BuildIndependentTargetsInParallel = 1;
				LastSwiftUpdateCheck = 1540;
				LastUpgradeCheck = 1540;
				TargetAttributes = {
					61B9C7322C85E48F008CD847 = {
						CreatedOnToolsVersion = 15.4;
					};
				};
			};
			buildConfigurationList = 61B9C72E2C85E48F008CD847 /* Build configuration list for PBXProject "Pixora" */;
			compatibilityVersion = "Xcode 14.0";
			developmentRegion = en;
			hasScannedForEncodings = 0;
			knownRegions = (
				en,
				Base,
			);
			mainGroup = 61B9C72A2C85E48F008CD847;
			productRefGroup = 61B9C7342C85E48F008CD847 /* Products */;
			projectDirPath = "";
			projectRoot = "";
			targets = (
				61B9C7322C85E48F008CD847 /* Pixora */,
			);
		};
/* End PBXProject section */

/* Begin PBXResourcesBuildPhase section */
		61B9C7312C85E48F008CD847 /* Resources */ = {
			isa = PBXResourcesBuildPhase;
			buildActionMask = 2147483647;
			files = (
				61B9C7752C8607C7008CD847 /* StoryItemDetailCollectionViewCell.xib in Resources */,
				61B9C7402C85E491008CD847 /* Assets.xcassets in Resources */,
				61B9C7712C8606D0008CD847 /* StoryDetailVC.xib in Resources */,
				61B9C7602C85E90D008CD847 /* UserCollectionViewCell.xib in Resources */,
				61B9C76D2C860691008CD847 /* StoryItemCollectionViewCell.xib in Resources */,
				61B9C74F2C85E643008CD847 /* app.json in Resources */,
				61B9C7432C85E491008CD847 /* Base in Resources */,
				61B9C73E2C85E48F008CD847 /* Base in Resources */,
			);
			runOnlyForDeploymentPostprocessing = 0;
		};
/* End PBXResourcesBuildPhase section */

/* Begin PBXSourcesBuildPhase section */
		61B9C72F2C85E48F008CD847 /* Sources */ = {
			isa = PBXSourcesBuildPhase;
			buildActionMask = 2147483647;
			files = (
				61B9C73B2C85E48F008CD847 /* ViewController.swift in Sources */,
				61B9C76E2C860691008CD847 /* StoryItemCollectionViewCell.swift in Sources */,
				61B9C77A2C860826008CD847 /* StoryProgressView.swift in Sources */,
				61B9C7372C85E48F008CD847 /* AppDelegate.swift in Sources */,
				61B9C7722C8606D0008CD847 /* StoryDetailVC.swift in Sources */,
				61B9C7612C85E90D008CD847 /* UserCollectionViewCell.swift in Sources */,
				61B9C7762C8607C7008CD847 /* StoryItemDetailCollectionViewCell.swift in Sources */,
				61B9C7392C85E48F008CD847 /* SceneDelegate.swift in Sources */,
				61B9C7642C85EC51008CD847 /* StoryModel.swift in Sources */,
				61B9C7662C85F708008CD847 /* StoryViewModel.swift in Sources */,
				61B9C7792C860826008CD847 /* VideoPlayerView.swift in Sources */,
			);
			runOnlyForDeploymentPostprocessing = 0;
		};
/* End PBXSourcesBuildPhase section */

/* Begin PBXVariantGroup section */
		61B9C73C2C85E48F008CD847 /* Main.storyboard */ = {
			isa = PBXVariantGroup;
			children = (
				61B9C73D2C85E48F008CD847 /* Base */,
			);
			name = Main.storyboard;
			sourceTree = "<group>";
		};
		61B9C7412C85E491008CD847 /* LaunchScreen.storyboard */ = {
			isa = PBXVariantGroup;
			children = (
				61B9C7422C85E491008CD847 /* Base */,
			);
			name = LaunchScreen.storyboard;
			sourceTree = "<group>";
		};
/* End PBXVariantGroup section */

/* Begin XCBuildConfiguration section */
		61B9C7452C85E491008CD847 /* Debug */ = {
			isa = XCBuildConfiguration;
			buildSettings = {
				ALWAYS_SEARCH_USER_PATHS = NO;
				ASSETCATALOG_COMPILER_GENERATE_SWIFT_ASSET_SYMBOL_EXTENSIONS = YES;
				CLANG_ANALYZER_NONNULL = YES;
				CLANG_ANALYZER_NUMBER_OBJECT_CONVERSION = YES_AGGRESSIVE;
				CLANG_CXX_LANGUAGE_STANDARD = "gnu++20";
				CLANG_ENABLE_MODULES = YES;
				CLANG_ENABLE_OBJC_ARC = YES;
				CLANG_ENABLE_OBJC_WEAK = YES;
				CLANG_WARN_BLOCK_CAPTURE_AUTORELEASING = YES;
				CLANG_WARN_BOOL_CONVERSION = YES;
				CLANG_WARN_COMMA = YES;
				CLANG_WARN_CONSTANT_CONVERSION = YES;
				CLANG_WARN_DEPRECATED_OBJC_IMPLEMENTATIONS = YES;
				CLANG_WARN_DIRECT_OBJC_ISA_USAGE = YES_ERROR;
				CLANG_WARN_DOCUMENTATION_COMMENTS = YES;
				CLANG_WARN_EMPTY_BODY = YES;
				CLANG_WARN_ENUM_CONVERSION = YES;
				CLANG_WARN_INFINITE_RECURSION = YES;
				CLANG_WARN_INT_CONVERSION = YES;
				CLANG_WARN_NON_LITERAL_NULL_CONVERSION = YES;
				CLANG_WARN_OBJC_IMPLICIT_RETAIN_SELF = YES;
				CLANG_WARN_OBJC_LITERAL_CONVERSION = YES;
				CLANG_WARN_OBJC_ROOT_CLASS = YES_ERROR;
				CLANG_WARN_QUOTED_INCLUDE_IN_FRAMEWORK_HEADER = YES;
				CLANG_WARN_RANGE_LOOP_ANALYSIS = YES;
				CLANG_WARN_STRICT_PROTOTYPES = YES;
				CLANG_WARN_SUSPICIOUS_MOVE = YES;
				CLANG_WARN_UNGUARDED_AVAILABILITY = YES_AGGRESSIVE;
				CLANG_WARN_UNREACHABLE_CODE = YES;
				CLANG_WARN__DUPLICATE_METHOD_MATCH = YES;
				COPY_PHASE_STRIP = NO;
				DEBUG_INFORMATION_FORMAT = dwarf;
				ENABLE_STRICT_OBJC_MSGSEND = YES;
				ENABLE_TESTABILITY = YES;
				ENABLE_USER_SCRIPT_SANDBOXING = YES;
				GCC_C_LANGUAGE_STANDARD = gnu17;
				GCC_DYNAMIC_NO_PIC = NO;
				GCC_NO_COMMON_BLOCKS = YES;
				GCC_OPTIMIZATION_LEVEL = 0;
				GCC_PREPROCESSOR_DEFINITIONS = (
					"DEBUG=1",
					"$(inherited)",
				);
				GCC_WARN_64_TO_32_BIT_CONVERSION = YES;
				GCC_WARN_ABOUT_RETURN_TYPE = YES_ERROR;
				GCC_WARN_UNDECLARED_SELECTOR = YES;
				GCC_WARN_UNINITIALIZED_AUTOS = YES_AGGRESSIVE;
				GCC_WARN_UNUSED_FUNCTION = YES;
				GCC_WARN_UNUSED_VARIABLE = YES;
				IPHONEOS_DEPLOYMENT_TARGET = 17.5;
				LOCALIZATION_PREFERS_STRING_CATALOGS = YES;
				MTL_ENABLE_DEBUG_INFO = INCLUDE_SOURCE;
				MTL_FAST_MATH = YES;
				ONLY_ACTIVE_ARCH = YES;
				SDKROOT = iphoneos;
				SWIFT_ACTIVE_COMPILATION_CONDITIONS = "DEBUG $(inherited)";
				SWIFT_OPTIMIZATION_LEVEL = "-Onone";
			};
			name = Debug;
		};
		61B9C7462C85E491008CD847 /* Release */ = {
			isa = XCBuildConfiguration;
			buildSettings = {
				ALWAYS_SEARCH_USER_PATHS = NO;
				ASSETCATALOG_COMPILER_GENERATE_SWIFT_ASSET_SYMBOL_EXTENSIONS = YES;
				CLANG_ANALYZER_NONNULL = YES;
				CLANG_ANALYZER_NUMBER_OBJECT_CONVERSION = YES_AGGRESSIVE;
				CLANG_CXX_LANGUAGE_STANDARD = "gnu++20";
				CLANG_ENABLE_MODULES = YES;
				CLANG_ENABLE_OBJC_ARC = YES;
				CLANG_ENABLE_OBJC_WEAK = YES;
				CLANG_WARN_BLOCK_CAPTURE_AUTORELEASING = YES;
				CLANG_WARN_BOOL_CONVERSION = YES;
				CLANG_WARN_COMMA = YES;
				CLANG_WARN_CONSTANT_CONVERSION = YES;
				CLANG_WARN_DEPRECATED_OBJC_IMPLEMENTATIONS = YES;
				CLANG_WARN_DIRECT_OBJC_ISA_USAGE = YES_ERROR;
				CLANG_WARN_DOCUMENTATION_COMMENTS = YES;
				CLANG_WARN_EMPTY_BODY = YES;
				CLANG_WARN_ENUM_CONVERSION = YES;
				CLANG_WARN_INFINITE_RECURSION = YES;
				CLANG_WARN_INT_CONVERSION = YES;
				CLANG_WARN_NON_LITERAL_NULL_CONVERSION = YES;
				CLANG_WARN_OBJC_IMPLICIT_RETAIN_SELF = YES;
				CLANG_WARN_OBJC_LITERAL_CONVERSION = YES;
				CLANG_WARN_OBJC_ROOT_CLASS = YES_ERROR;
				CLANG_WARN_QUOTED_INCLUDE_IN_FRAMEWORK_HEADER = YES;
				CLANG_WARN_RANGE_LOOP_ANALYSIS = YES;
				CLANG_WARN_STRICT_PROTOTYPES = YES;
				CLANG_WARN_SUSPICIOUS_MOVE = YES;
				CLANG_WARN_UNGUARDED_AVAILABILITY = YES_AGGRESSIVE;
				CLANG_WARN_UNREACHABLE_CODE = YES;
				CLANG_WARN__DUPLICATE_METHOD_MATCH = YES;
				COPY_PHASE_STRIP = NO;
				DEBUG_INFORMATION_FORMAT = "dwarf-with-dsym";
				ENABLE_NS_ASSERTIONS = NO;
				ENABLE_STRICT_OBJC_MSGSEND = YES;
				ENABLE_USER_SCRIPT_SANDBOXING = YES;
				GCC_C_LANGUAGE_STANDARD = gnu17;
				GCC_NO_COMMON_BLOCKS = YES;
				GCC_WARN_64_TO_32_BIT_CONVERSION = YES;
				GCC_WARN_ABOUT_RETURN_TYPE = YES_ERROR;
				GCC_WARN_UNDECLARED_SELECTOR = YES;
				GCC_WARN_UNINITIALIZED_AUTOS = YES_AGGRESSIVE;
				GCC_WARN_UNUSED_FUNCTION = YES;
				GCC_WARN_UNUSED_VARIABLE = YES;
				IPHONEOS_DEPLOYMENT_TARGET = 17.5;
				LOCALIZATION_PREFERS_STRING_CATALOGS = YES;
				MTL_ENABLE_DEBUG_INFO = NO;
				MTL_FAST_MATH = YES;
				SDKROOT = iphoneos;
				SWIFT_COMPILATION_MODE = wholemodule;
				VALIDATE_PRODUCT = YES;
			};
			name = Release;
		};
		61B9C7482C85E491008CD847 /* Debug */ = {
			isa = XCBuildConfiguration;
			buildSettings = {
				ASSETCATALOG_COMPILER_APPICON_NAME = AppIcon;
				ASSETCATALOG_COMPILER_GLOBAL_ACCENT_COLOR_NAME = AccentColor;
				CODE_SIGN_STYLE = Automatic;
				CURRENT_PROJECT_VERSION = 1;
				DEVELOPMENT_TEAM = 4866964873;
				GENERATE_INFOPLIST_FILE = YES;
				INFOPLIST_FILE = Pixora/Info.plist;
				INFOPLIST_KEY_UIApplicationSupportsIndirectInputEvents = YES;
				INFOPLIST_KEY_UILaunchStoryboardName = LaunchScreen;
				INFOPLIST_KEY_UIMainStoryboardFile = Main;
				INFOPLIST_KEY_UISupportedInterfaceOrientations_iPad = "UIInterfaceOrientationPortrait UIInterfaceOrientationPortraitUpsideDown UIInterfaceOrientationLandscapeLeft UIInterfaceOrientationLandscapeRight";
				INFOPLIST_KEY_UISupportedInterfaceOrientations_iPhone = "UIInterfaceOrientationPortrait UIInterfaceOrientationLandscapeLeft UIInterfaceOrientationLandscapeRight";
				LD_RUNPATH_SEARCH_PATHS = (
					"$(inherited)",
					"@executable_path/Frameworks",
				);
				MARKETING_VERSION = 1.0;
				PRODUCT_BUNDLE_IDENTIFIER = com.IremSever.Pixora;
				PRODUCT_NAME = "$(TARGET_NAME)";
				SWIFT_EMIT_LOC_STRINGS = YES;
				SWIFT_VERSION = 5.0;
				TARGETED_DEVICE_FAMILY = "1,2";
			};
			name = Debug;
		};
		61B9C7492C85E491008CD847 /* Release */ = {
			isa = XCBuildConfiguration;
			buildSettings = {
				ASSETCATALOG_COMPILER_APPICON_NAME = AppIcon;
				ASSETCATALOG_COMPILER_GLOBAL_ACCENT_COLOR_NAME = AccentColor;
				CODE_SIGN_STYLE = Automatic;
				CURRENT_PROJECT_VERSION = 1;
				DEVELOPMENT_TEAM = 4866964873;
				GENERATE_INFOPLIST_FILE = YES;
				INFOPLIST_FILE = Pixora/Info.plist;
				INFOPLIST_KEY_UIApplicationSupportsIndirectInputEvents = YES;
				INFOPLIST_KEY_UILaunchStoryboardName = LaunchScreen;
				INFOPLIST_KEY_UIMainStoryboardFile = Main;
				INFOPLIST_KEY_UISupportedInterfaceOrientations_iPad = "UIInterfaceOrientationPortrait UIInterfaceOrientationPortraitUpsideDown UIInterfaceOrientationLandscapeLeft UIInterfaceOrientationLandscapeRight";
				INFOPLIST_KEY_UISupportedInterfaceOrientations_iPhone = "UIInterfaceOrientationPortrait UIInterfaceOrientationLandscapeLeft UIInterfaceOrientationLandscapeRight";
				LD_RUNPATH_SEARCH_PATHS = (
					"$(inherited)",
					"@executable_path/Frameworks",
				);
				MARKETING_VERSION = 1.0;
				PRODUCT_BUNDLE_IDENTIFIER = com.IremSever.Pixora;
				PRODUCT_NAME = "$(TARGET_NAME)";
				SWIFT_EMIT_LOC_STRINGS = YES;
				SWIFT_VERSION = 5.0;
				TARGETED_DEVICE_FAMILY = "1,2";
			};
			name = Release;
		};
/* End XCBuildConfiguration section */

/* Begin XCConfigurationList section */
		61B9C72E2C85E48F008CD847 /* Build configuration list for PBXProject "Pixora" */ = {
			isa = XCConfigurationList;
			buildConfigurations = (
				61B9C7452C85E491008CD847 /* Debug */,
				61B9C7462C85E491008CD847 /* Release */,
			);
			defaultConfigurationIsVisible = 0;
			defaultConfigurationName = Release;
		};
		61B9C7472C85E491008CD847 /* Build configuration list for PBXNativeTarget "Pixora" */ = {
			isa = XCConfigurationList;
			buildConfigurations = (
				61B9C7482C85E491008CD847 /* Debug */,
				61B9C7492C85E491008CD847 /* Release */,
			);
			defaultConfigurationIsVisible = 0;
			defaultConfigurationName = Release;
		};
/* End XCConfigurationList section */
	};
	rootObject = 61B9C72B2C85E48F008CD847 /* Project object */;
}
